{
    "_readme": [
        "This file locks the dependencies of your project to a known state",
        "Read more about it at https://getcomposer.org/doc/01-basic-usage.md#installing-dependencies",
        "This file is @generated automatically"
    ],
    "content-hash": "f26fce6ba3c0104933228087b326b8ec",
    "packages": [
        {
            "name": "firebase/php-jwt",
            "version": "v5.2.1",
            "source": {
                "type": "git",
                "url": "https://github.com/firebase/php-jwt.git",
                "reference": "f42c9110abe98dd6cfe9053c49bc86acc70b2d23"
            },
            "dist": {
                "type": "zip",
                "url": "https://api.github.com/repos/firebase/php-jwt/zipball/f42c9110abe98dd6cfe9053c49bc86acc70b2d23",
                "reference": "f42c9110abe98dd6cfe9053c49bc86acc70b2d23",
                "shasum": ""
            },
            "require": {
                "php": ">=5.3.0"
            },
            "require-dev": {
                "phpunit/phpunit": ">=4.8 <=9"
            },
            "type": "library",
            "autoload": {
                "psr-4": {
                    "Firebase\\JWT\\": "src"
                }
            },
            "notification-url": "https://packagist.org/downloads/",
            "license": [
                "BSD-3-Clause"
            ],
            "authors": [
                {
                    "name": "Neuman Vong",
                    "email": "neuman+pear@twilio.com",
                    "role": "Developer"
                },
                {
                    "name": "Anant Narayanan",
                    "email": "anant@php.net",
                    "role": "Developer"
                }
            ],
            "description": "A simple library to encode and decode JSON Web Tokens (JWT) in PHP. Should conform to the current spec.",
            "homepage": "https://github.com/firebase/php-jwt",
            "keywords": [
                "jwt",
                "php"
            ],
            "support": {
                "issues": "https://github.com/firebase/php-jwt/issues",
                "source": "https://github.com/firebase/php-jwt/tree/v5.2.1"
            },
            "time": "2021-02-12T00:02:00+00:00"
        },
        {
            "name": "jkauflin/jjkgallery",
            "version": "v1.1.5",
            "source": {
                "type": "git",
                "url": "https://github.com/jkauflin/MediaGallery.git",
                "reference": "d78270bdabb727ea244a0aa1201186773c6e93e6"
            },
            "dist": {
                "type": "zip",
                "url": "https://api.github.com/repos/jkauflin/MediaGallery/zipball/d78270bdabb727ea244a0aa1201186773c6e93e6",
                "reference": "d78270bdabb727ea244a0aa1201186773c6e93e6",
                "shasum": ""
            },
            "type": "project",
            "autoload": {
                "psr-4": {
                    "jkauflin\\jjkgallery\\": "/"
                }
            },
            "notification-url": "https://packagist.org/downloads/",
            "license": [
                "MIT"
            ],
            "authors": [
                {
                    "name": "John J Kauflin",
                    "email": "johnkauflin@gmail.com"
                }
            ],
            "description": "Web Media Gallery display for photos, videos, music, and docs",
            "support": {
                "issues": "https://github.com/jkauflin/MediaGallery/issues",
                "source": "https://github.com/jkauflin/MediaGallery/tree/v1.1.5"
            },
            "time": "2021-05-29T18:20:26+00:00"
        },
        {
            "name": "jkauflin/jjklogin",
            "version": "v1.1.4",
            "source": {
                "type": "git",
                "url": "https://github.com/jkauflin/jjklogin.git",
                "reference": "e03f14c4fb6ed49a1c04a9638c12a9ae29482d2d"
            },
            "dist": {
                "type": "zip",
                "url": "https://api.github.com/repos/jkauflin/jjklogin/zipball/e03f14c4fb6ed49a1c04a9638c12a9ae29482d2d",
                "reference": "e03f14c4fb6ed49a1c04a9638c12a9ae29482d2d",
                "shasum": ""
            },
            "require": {
                "firebase/php-jwt": "^5.2.0",
                "php": ">=7.0.0"
            },
            "type": "project",
            "autoload": {
                "psr-4": {
                    "jkauflin\\jjklogin\\": "src/"
                }
            },
            "notification-url": "https://packagist.org/downloads/",
            "license": [
                "MIT"
            ],
            "authors": [
                {
                    "name": "John J Kauflin",
                    "email": "johnkauflin@gmail.com"
                }
            ],
            "description": "JWT PHP based web authentication",
            "support": {
                "issues": "https://github.com/jkauflin/jjklogin/issues",
                "source": "https://github.com/jkauflin/jjklogin/tree/v1.1.4"
            },
            "time": "2020-12-24T19:46:38+00:00"
        },
        {
            "name": "jwilsson/spotify-web-api-php",
            "version": "4.3.0",
            "source": {
                "type": "git",
                "url": "https://github.com/jwilsson/spotify-web-api-php.git",
                "reference": "adcea818d7a850dc42202def000f818c0207b512"
            },
            "dist": {
                "type": "zip",
                "url": "https://api.github.com/repos/jwilsson/spotify-web-api-php/zipball/adcea818d7a850dc42202def000f818c0207b512",
                "reference": "adcea818d7a850dc42202def000f818c0207b512",
                "shasum": ""
            },
            "require": {
                "ext-curl": "*",
                "php": "^7.2 || ^8.0"
            },
            "require-dev": {
                "php-coveralls/php-coveralls": "^2.0",
                "phpunit/phpunit": "^8.5",
                "squizlabs/php_codesniffer": "^3.0"
            },
            "type": "library",
            "autoload": {
                "psr-4": {
                    "SpotifyWebAPI\\": "src/"
                }
            },
            "notification-url": "https://packagist.org/downloads/",
            "license": [
                "MIT"
            ],
            "authors": [
                {
                    "name": "Jonathan Wilsson",
                    "email": "jonathan.wilsson@gmail.com"
                }
            ],
            "description": "A PHP wrapper for Spotify's Web API.",
            "homepage": "https://github.com/jwilsson/spotify-web-api-php",
            "keywords": [
                "spotify"
            ],
            "support": {
                "issues": "https://github.com/jwilsson/spotify-web-api-php/issues",
                "source": "https://github.com/jwilsson/spotify-web-api-php/tree/4.3.0"
            },
            "time": "2021-03-28T12:27:47+00:00"
        }
    ],
    "packages-dev": [],
    "aliases": [],
    "minimum-stability": "stable",
    "stability-flags": [],
    "prefer-stable": false,
    "prefer-lowest": false,
    "platform": {
        "php": ">=7.0.0"
    },
    "platform-dev": [],
    "plugin-api-version": "2.0.0"
}
